// !$*UTF8*$!
{
	archiveVersion = 1;
	classes = {
	};
	objectVersion = 46;
	objects = {

/* Begin PBXBuildFile section */
		804E11BF182BEDA700CB3284 /* Foundation.framework in Frameworks */ = {isa = PBXBuildFile; fileRef = 804E11BE182BEDA700CB3284 /* Foundation.framework */; };
		804E11C1182BEDA700CB3284 /* CoreGraphics.framework in Frameworks */ = {isa = PBXBuildFile; fileRef = 804E11C0182BEDA700CB3284 /* CoreGraphics.framework */; };
		804E11C3182BEDA700CB3284 /* UIKit.framework in Frameworks */ = {isa = PBXBuildFile; fileRef = 804E11C2182BEDA700CB3284 /* UIKit.framework */; };
		804E11C9182BEDA700CB3284 /* InfoPlist.strings in Resources */ = {isa = PBXBuildFile; fileRef = 804E11C7182BEDA700CB3284 /* InfoPlist.strings */; };
		804E11CB182BEDA700CB3284 /* main.m in Sources */ = {isa = PBXBuildFile; fileRef = 804E11CA182BEDA700CB3284 /* main.m */; };
		804E11CF182BEDA700CB3284 /* AppDelegate.m in Sources */ = {isa = PBXBuildFile; fileRef = 804E11CE182BEDA700CB3284 /* AppDelegate.m */; };
		804E11D2182BEDA700CB3284 /* Main.storyboard in Resources */ = {isa = PBXBuildFile; fileRef = 804E11D0182BEDA700CB3284 /* Main.storyboard */; };
		804E11D5182BEDA700CB3284 /* ViewController.m in Sources */ = {isa = PBXBuildFile; fileRef = 804E11D4182BEDA700CB3284 /* ViewController.m */; };
		804E11D7182BEDA700CB3284 /* Images.xcassets in Resources */ = {isa = PBXBuildFile; fileRef = 804E11D6182BEDA700CB3284 /* Images.xcassets */; };
		804E11DE182BEDA700CB3284 /* XCTest.framework in Frameworks */ = {isa = PBXBuildFile; fileRef = 804E11DD182BEDA700CB3284 /* XCTest.framework */; };
		804E11DF182BEDA700CB3284 /* Foundation.framework in Frameworks */ = {isa = PBXBuildFile; fileRef = 804E11BE182BEDA700CB3284 /* Foundation.framework */; };
		804E11E0182BEDA700CB3284 /* UIKit.framework in Frameworks */ = {isa = PBXBuildFile; fileRef = 804E11C2182BEDA700CB3284 /* UIKit.framework */; };
		804E11E8182BEDA700CB3284 /* InfoPlist.strings in Resources */ = {isa = PBXBuildFile; fileRef = 804E11E6182BEDA700CB3284 /* InfoPlist.strings */; };
		804E11EA182BEDA700CB3284 /* testLaxgithub1Tests.m in Sources */ = {isa = PBXBuildFile; fileRef = 804E11E9182BEDA700CB3284 /* testLaxgithub1Tests.m */; };
/* End PBXBuildFile section */

/* Begin PBXContainerItemProxy section */
		804E11E1182BEDA700CB3284 /* PBXContainerItemProxy */ = {
			isa = PBXContainerItemProxy;
			containerPortal = 804E11B3182BEDA700CB3284 /* Project object */;
			proxyType = 1;
			remoteGlobalIDString = 804E11BA182BEDA700CB3284;
			remoteInfo = testLaxgithub1;
		};
/* End PBXContainerItemProxy section */

/* Begin PBXFileReference section */
		804E11BB182BEDA700CB3284 /* testLaxgithub1.app */ = {isa = PBXFileReference; explicitFileType = wrapper.application; includeInIndex = 0; path = testLaxgithub1.app; sourceTree = BUILT_PRODUCTS_DIR; };
		804E11BE182BEDA700CB3284 /* Foundation.framework */ = {isa = PBXFileReference; lastKnownFileType = wrapper.framework; name = Foundation.framework; path = System/Library/Frameworks/Foundation.framework; sourceTree = SDKROOT; };
		804E11C0182BEDA700CB3284 /* CoreGraphics.framework */ = {isa = PBXFileReference; lastKnownFileType = wrapper.framework; name = CoreGraphics.framework; path = System/Library/Frameworks/CoreGraphics.framework; sourceTree = SDKROOT; };
		804E11C2182BEDA700CB3284 /* UIKit.framework */ = {isa = PBXFileReference; lastKnownFileType = wrapper.framework; name = UIKit.framework; path = System/Library/Frameworks/UIKit.framework; sourceTree = SDKROOT; };
		804E11C6182BEDA700CB3284 /* testLaxgithub1-Info.plist */ = {isa = PBXFileReference; lastKnownFileType = text.plist.xml; path = "testLaxgithub1-Info.plist"; sourceTree = "<group>"; };
		804E11C8182BEDA700CB3284 /* en */ = {isa = PBXFileReference; lastKnownFileType = text.plist.strings; name = en; path = en.lproj/InfoPlist.strings; sourceTree = "<group>"; };
		804E11CA182BEDA700CB3284 /* main.m */ = {isa = PBXFileReference; lastKnownFileType = sourcecode.c.objc; path = main.m; sourceTree = "<group>"; };
		804E11CC182BEDA700CB3284 /* testLaxgithub1-Prefix.pch */ = {isa = PBXFileReference; lastKnownFileType = sourcecode.c.h; path = "testLaxgithub1-Prefix.pch"; sourceTree = "<group>"; };
		804E11CD182BEDA700CB3284 /* AppDelegate.h */ = {isa = PBXFileReference; lastKnownFileType = sourcecode.c.h; path = AppDelegate.h; sourceTree = "<group>"; };
		804E11CE182BEDA700CB3284 /* AppDelegate.m */ = {isa = PBXFileReference; lastKnownFileType = sourcecode.c.objc; path = AppDelegate.m; sourceTree = "<group>"; };
		804E11D1182BEDA700CB3284 /* Base */ = {isa = PBXFileReference; lastKnownFileType = file.storyboard; name = Base; path = Base.lproj/Main.storyboard; sourceTree = "<group>"; };
		804E11D3182BEDA700CB3284 /* ViewController.h */ = {isa = PBXFileReference; lastKnownFileType = sourcecode.c.h; path = ViewController.h; sourceTree = "<group>"; };
		804E11D4182BEDA700CB3284 /* ViewController.m */ = {isa = PBXFileReference; lastKnownFileType = sourcecode.c.objc; path = ViewController.m; sourceTree = "<group>"; };
		804E11D6182BEDA700CB3284 /* Images.xcassets */ = {isa = PBXFileReference; lastKnownFileType = folder.assetcatalog; path = Images.xcassets; sourceTree = "<group>"; };
		804E11DC182BEDA700CB3284 /* testLaxgithub1Tests.xctest */ = {isa = PBXFileReference; explicitFileType = wrapper.cfbundle; includeInIndex = 0; path = testLaxgithub1Tests.xctest; sourceTree = BUILT_PRODUCTS_DIR; };
		804E11DD182BEDA700CB3284 /* XCTest.framework */ = {isa = PBXFileReference; lastKnownFileType = wrapper.framework; name = XCTest.framework; path = Library/Frameworks/XCTest.framework; sourceTree = DEVELOPER_DIR; };
		804E11E5182BEDA700CB3284 /* testLaxgithub1Tests-Info.plist */ = {isa = PBXFileReference; lastKnownFileType = text.plist.xml; path = "testLaxgithub1Tests-Info.plist"; sourceTree = "<group>"; };
		804E11E7182BEDA700CB3284 /* en */ = {isa = PBXFileReference; lastKnownFileType = text.plist.strings; name = en; path = en.lproj/InfoPlist.strings; sourceTree = "<group>"; };
		804E11E9182BEDA700CB3284 /* testLaxgithub1Tests.m */ = {isa = PBXFileReference; lastKnownFileType = sourcecode.c.objc; path = testLaxgithub1Tests.m; sourceTree = "<group>"; };
/* End PBXFileReference section */

/* Begin PBXFrameworksBuildPhase section */
		804E11B8182BEDA700CB3284 /* Frameworks */ = {
			isa = PBXFrameworksBuildPhase;
			buildActionMask = 2147483647;
			files = (
				804E11C1182BEDA700CB3284 /* CoreGraphics.framework in Frameworks */,
				804E11C3182BEDA700CB3284 /* UIKit.framework in Frameworks */,
				804E11BF182BEDA700CB3284 /* Foundation.framework in Frameworks */,
			);
			runOnlyForDeploymentPostprocessing = 0;
		};
		804E11D9182BEDA700CB3284 /* Frameworks */ = {
			isa = PBXFrameworksBuildPhase;
			buildActionMask = 2147483647;
			files = (
				804E11DE182BEDA700CB3284 /* XCTest.framework in Frameworks */,
				804E11E0182BEDA700CB3284 /* UIKit.framework in Frameworks */,
				804E11DF182BEDA700CB3284 /* Foundation.framework in Frameworks */,
			);
			runOnlyForDeploymentPostprocessing = 0;
		};
/* End PBXFrameworksBuildPhase section */

/* Begin PBXGroup section */
		804E11B2182BEDA700CB3284 = {
			isa = PBXGroup;
			children = (
				804E11C4182BEDA700CB3284 /* testLaxgithub1 */,
				804E11E3182BEDA700CB3284 /* testLaxgithub1Tests */,
				804E11BD182BEDA700CB3284 /* Frameworks */,
				804E11BC182BEDA700CB3284 /* Products */,
			);
			sourceTree = "<group>";
		};
		804E11BC182BEDA700CB3284 /* Products */ = {
			isa = PBXGroup;
			children = (
				804E11BB182BEDA700CB3284 /* testLaxgithub1.app */,
				804E11DC182BEDA700CB3284 /* testLaxgithub1Tests.xctest */,
			);
			name = Products;
			sourceTree = "<group>";
		};
		804E11BD182BEDA700CB3284 /* Frameworks */ = {
			isa = PBXGroup;
			children = (
				804E11BE182BEDA700CB3284 /* Foundation.framework */,
				804E11C0182BEDA700CB3284 /* CoreGraphics.framework */,
				804E11C2182BEDA700CB3284 /* UIKit.framework */,
				804E11DD182BEDA700CB3284 /* XCTest.framework */,
			);
			name = Frameworks;
			sourceTree = "<group>";
		};
		804E11C4182BEDA700CB3284 /* testLaxgithub1 */ = {
			isa = PBXGroup;
			children = (
				804E11CD182BEDA700CB3284 /* AppDelegate.h */,
				804E11CE182BEDA700CB3284 /* AppDelegate.m */,
				804E11D0182BEDA700CB3284 /* Main.storyboard */,
				804E11D3182BEDA700CB3284 /* ViewController.h */,
				804E11D4182BEDA700CB3284 /* ViewController.m */,
				804E11D6182BEDA700CB3284 /* Images.xcassets */,
				804E11C5182BEDA700CB3284 /* Supporting Files */,
			);
			path = testLaxgithub1;
			sourceTree = "<group>";
		};
		804E11C5182BEDA700CB3284 /* Supporting Files */ = {
			isa = PBXGroup;
			children = (
				804E11C6182BEDA700CB3284 /* testLaxgithub1-Info.plist */,
				804E11C7182BEDA700CB3284 /* InfoPlist.strings */,
				804E11CA182BEDA700CB3284 /* main.m */,
				804E11CC182BEDA700CB3284 /* testLaxgithub1-Prefix.pch */,
			);
			name = "Supporting Files";
			sourceTree = "<group>";
		};
		804E11E3182BEDA700CB3284 /* testLaxgithub1Tests */ = {
			isa = PBXGroup;
			children = (
				804E11E9182BEDA700CB3284 /* testLaxgithub1Tests.m */,
				804E11E4182BEDA700CB3284 /* Supporting Files */,
			);
			path = testLaxgithub1Tests;
			sourceTree = "<group>";
		};
		804E11E4182BEDA700CB3284 /* Supporting Files */ = {
			isa = PBXGroup;
			children = (
				804E11E5182BEDA700CB3284 /* testLaxgithub1Tests-Info.plist */,
				804E11E6182BEDA700CB3284 /* InfoPlist.strings */,
			);
			name = "Supporting Files";
			sourceTree = "<group>";
		};
/* End PBXGroup section */

/* Begin PBXNativeTarget section */
		804E11BA182BEDA700CB3284 /* testLaxgithub1 */ = {
			isa = PBXNativeTarget;
			buildConfigurationList = 804E11ED182BEDA700CB3284 /* Build configuration list for PBXNativeTarget "testLaxgithub1" */;
			buildPhases = (
				804E11B7182BEDA700CB3284 /* Sources */,
				804E11B8182BEDA700CB3284 /* Frameworks */,
				804E11B9182BEDA700CB3284 /* Resources */,
			);
			buildRules = (
			);
			dependencies = (
			);
			name = testLaxgithub1;
			productName = testLaxgithub1;
			productReference = 804E11BB182BEDA700CB3284 /* testLaxgithub1.app */;
			productType = "com.apple.product-type.application";
		};
		804E11DB182BEDA700CB3284 /* testLaxgithub1Tests */ = {
			isa = PBXNativeTarget;
			buildConfigurationList = 804E11F0182BEDA700CB3284 /* Build configuration list for PBXNativeTarget "testLaxgithub1Tests" */;
			buildPhases = (
				804E11D8182BEDA700CB3284 /* Sources */,
				804E11D9182BEDA700CB3284 /* Frameworks */,
				804E11DA182BEDA700CB3284 /* Resources */,
			);
			buildRules = (
			);
			dependencies = (
				804E11E2182BEDA700CB3284 /* PBXTargetDependency */,
			);
			name = testLaxgithub1Tests;
			productName = testLaxgithub1Tests;
			productReference = 804E11DC182BEDA700CB3284 /* testLaxgithub1Tests.xctest */;
			productType = "com.apple.product-type.bundle.unit-test";
		};
/* End PBXNativeTarget section */

/* Begin PBXProject section */
		804E11B3182BEDA700CB3284 /* Project object */ = {
			isa = PBXProject;
			attributes = {
				LastUpgradeCheck = 0500;
				ORGANIZATIONNAME = "Lax Senapati";
				TargetAttributes = {
					804E11DB182BEDA700CB3284 = {
						TestTargetID = 804E11BA182BEDA700CB3284;
					};
				};
			};
			buildConfigurationList = 804E11B6182BEDA700CB3284 /* Build configuration list for PBXProject "testLaxgithub1" */;
			compatibilityVersion = "Xcode 3.2";
			developmentRegion = English;
			hasScannedForEncodings = 0;
			knownRegions = (
				en,
				Base,
			);
			mainGroup = 804E11B2182BEDA700CB3284;
			productRefGroup = 804E11BC182BEDA700CB3284 /* Products */;
			projectDirPath = "";
			projectRoot = "";
			targets = (
				804E11BA182BEDA700CB3284 /* testLaxgithub1 */,
				804E11DB182BEDA700CB3284 /* testLaxgithub1Tests */,
			);
		};
/* End PBXProject section */

/* Begin PBXResourcesBuildPhase section */
		804E11B9182BEDA700CB3284 /* Resources */ = {
			isa = PBXResourcesBuildPhase;
			buildActionMask = 2147483647;
			files = (
				804E11D7182BEDA700CB3284 /* Images.xcassets in Resources */,
				804E11C9182BEDA700CB3284 /* InfoPlist.strings in Resources */,
				804E11D2182BEDA700CB3284 /* Main.storyboard in Resources */,
			);
			runOnlyForDeploymentPostprocessing = 0;
		};
		804E11DA182BEDA700CB3284 /* Resources */ = {
			isa = PBXResourcesBuildPhase;
			buildActionMask = 2147483647;
			files = (
				804E11E8182BEDA700CB3284 /* InfoPlist.strings in Resources */,
			);
			runOnlyForDeploymentPostprocessing = 0;
		};
/* End PBXResourcesBuildPhase section */

/* Begin PBXSourcesBuildPhase section */
		804E11B7182BEDA700CB3284 /* Sources */ = {
			isa = PBXSourcesBuildPhase;
			buildActionMask = 2147483647;
			files = (
				804E11D5182BEDA700CB3284 /* ViewController.m in Sources */,
				804E11CF182BEDA700CB3284 /* AppDelegate.m in Sources */,
				804E11CB182BEDA700CB3284 /* main.m in Sources */,
			);
			runOnlyForDeploymentPostprocessing = 0;
		};
		804E11D8182BEDA700CB3284 /* Sources */ = {
			isa = PBXSourcesBuildPhase;
			buildActionMask = 2147483647;
			files = (
				804E11EA182BEDA700CB3284 /* testLaxgithub1Tests.m in Sources */,
			);
			runOnlyForDeploymentPostprocessing = 0;
		};
/* End PBXSourcesBuildPhase section */

/* Begin PBXTargetDependency section */
		804E11E2182BEDA700CB3284 /* PBXTargetDependency */ = {
			isa = PBXTargetDependency;
			target = 804E11BA182BEDA700CB3284 /* testLaxgithub1 */;
			targetProxy = 804E11E1182BEDA700CB3284 /* PBXContainerItemProxy */;
		};
/* End PBXTargetDependency section */

/* Begin PBXVariantGroup section */
		804E11C7182BEDA700CB3284 /* InfoPlist.strings */ = {
			isa = PBXVariantGroup;
			children = (
				804E11C8182BEDA700CB3284 /* en */,
			);
			name = InfoPlist.strings;
			sourceTree = "<group>";
		};
		804E11D0182BEDA700CB3284 /* Main.storyboard */ = {
			isa = PBXVariantGroup;
			children = (
				804E11D1182BEDA700CB3284 /* Base */,
			);
			name = Main.storyboard;
			sourceTree = "<group>";
		};
		804E11E6182BEDA700CB3284 /* InfoPlist.strings */ = {
			isa = PBXVariantGroup;
			children = (
				804E11E7182BEDA700CB3284 /* en */,
			);
			name = InfoPlist.strings;
			sourceTree = "<group>";
		};
/* End PBXVariantGroup section */

/* Begin XCBuildConfiguration section */
		804E11EB182BEDA700CB3284 /* Debug */ = {
			isa = XCBuildConfiguration;
			buildSettings = {
				ALWAYS_SEARCH_USER_PATHS = NO;
				ARCHS = "$(ARCHS_STANDARD_INCLUDING_64_BIT)";
				CLANG_CXX_LANGUAGE_STANDARD = "gnu++0x";
				CLANG_CXX_LIBRARY = "libc++";
				CLANG_ENABLE_MODULES = YES;
				CLANG_ENABLE_OBJC_ARC = YES;
				CLANG_WARN_BOOL_CONVERSION = YES;
				CLANG_WARN_CONSTANT_CONVERSION = YES;
				CLANG_WARN_DIRECT_OBJC_ISA_USAGE = YES_ERROR;
				CLANG_WARN_EMPTY_BODY = YES;
				CLANG_WARN_ENUM_CONVERSION = YES;
				CLANG_WARN_INT_CONVERSION = YES;
				CLANG_WARN_OBJC_ROOT_CLASS = YES_ERROR;
				CLANG_WARN__DUPLICATE_METHOD_MATCH = YES;
				"CODE_SIGN_IDENTITY[sdk=iphoneos*]" = "iPhone Developer";
				COPY_PHASE_STRIP = NO;
				GCC_C_LANGUAGE_STANDARD = gnu99;
				GCC_DYNAMIC_NO_PIC = NO;
				GCC_OPTIMIZATION_LEVEL = 0;
				GCC_PREPROCESSOR_DEFINITIONS = (
					"DEBUG=1",
					"$(inherited)",
				);
				GCC_SYMBOLS_PRIVATE_EXTERN = NO;
				GCC_WARN_64_TO_32_BIT_CONVERSION = YES;
				GCC_WARN_ABOUT_RETURN_TYPE = YES_ERROR;
				GCC_WARN_UNDECLARED_SELECTOR = YES;
				GCC_WARN_UNINITIALIZED_AUTOS = YES;
				GCC_WARN_UNUSED_FUNCTION = YES;
				GCC_WARN_UNUSED_VARIABLE = YES;
				IPHONEOS_DEPLOYMENT_TARGET = 7.0;
				ONLY_ACTIVE_ARCH = YES;
				SDKROOT = iphoneos;
			};
			name = Debug;
		};
		804E11EC182BEDA700CB3284 /* Release */ = {
			isa = XCBuildConfiguration;
			buildSettings = {
				ALWAYS_SEARCH_USER_PATHS = NO;
				ARCHS = "$(ARCHS_STANDARD_INCLUDING_64_BIT)";
				CLANG_CXX_LANGUAGE_STANDARD = "gnu++0x";
				CLANG_CXX_LIBRARY = "libc++";
				CLANG_ENABLE_MODULES = YES;
				CLANG_ENABLE_OBJC_ARC = YES;
				CLANG_WARN_BOOL_CONVERSION = YES;
				CLANG_WARN_CONSTANT_CONVERSION = YES;
				CLANG_WARN_DIRECT_OBJC_ISA_USAGE = YES_ERROR;
				CLANG_WARN_EMPTY_BODY = YES;
				CLANG_WARN_ENUM_CONVERSION = YES;
				CLANG_WARN_INT_CONVERSION = YES;
				CLANG_WARN_OBJC_ROOT_CLASS = YES_ERROR;
				CLANG_WARN__DUPLICATE_METHOD_MATCH = YES;
				"CODE_SIGN_IDENTITY[sdk=iphoneos*]" = "iPhone Developer";
				COPY_PHASE_STRIP = YES;
				ENABLE_NS_ASSERTIONS = NO;
				GCC_C_LANGUAGE_STANDARD = gnu99;
				GCC_WARN_64_TO_32_BIT_CONVERSION = YES;
				GCC_WARN_ABOUT_RETURN_TYPE = YES_ERROR;
				GCC_WARN_UNDECLARED_SELECTOR = YES;
				GCC_WARN_UNINITIALIZED_AUTOS = YES;
				GCC_WARN_UNUSED_FUNCTION = YES;
				GCC_WARN_UNUSED_VARIABLE = YES;
				IPHONEOS_DEPLOYMENT_TARGET = 7.0;
				SDKROOT = iphoneos;
				VALIDATE_PRODUCT = YES;
			};
			name = Release;
		};
		804E11EE182BEDA700CB3284 /* Debug */ = {
			isa = XCBuildConfiguration;
			buildSettings = {
				ASSETCATALOG_COMPILER_APPICON_NAME = AppIcon;
				ASSETCATALOG_COMPILER_LAUNCHIMAGE_NAME = LaunchImage;
				GCC_PRECOMPILE_PREFIX_HEADER = YES;
				GCC_PREFIX_HEADER = "testLaxgithub1/testLaxgithub1-Prefix.pch";
				INFOPLIST_FILE = "testLaxgithub1/testLaxgithub1-Info.plist";
				PRODUCT_NAME = "$(TARGET_NAME)";
				WRAPPER_EXTENSION = app;
			};
			name = Debug;
		};
		804E11EF182BEDA700CB3284 /* Release */ = {
			isa = XCBuildConfiguration;
			buildSettings = {
				ASSETCATALOG_COMPILER_APPICON_NAME = AppIcon;
				ASSETCATALOG_COMPILER_LAUNCHIMAGE_NAME = LaunchImage;
				GCC_PRECOMPILE_PREFIX_HEADER = YES;
				GCC_PREFIX_HEADER = "testLaxgithub1/testLaxgithub1-Prefix.pch";
				INFOPLIST_FILE = "testLaxgithub1/testLaxgithub1-Info.plist";
				PRODUCT_NAME = "$(TARGET_NAME)";
				WRAPPER_EXTENSION = app;
			};
			name = Release;
		};
		804E11F1182BEDA700CB3284 /* Debug */ = {
			isa = XCBuildConfiguration;
			buildSettings = {
				ARCHS = "$(ARCHS_STANDARD_INCLUDING_64_BIT)";
				BUNDLE_LOADER = "$(BUILT_PRODUCTS_DIR)/testLaxgithub1.app/testLaxgithub1";
				FRAMEWORK_SEARCH_PATHS = (
					"$(SDKROOT)/Developer/Library/Frameworks",
					"$(inherited)",
					"$(DEVELOPER_FRAMEWORKS_DIR)",
				);
				GCC_PRECOMPILE_PREFIX_HEADER = YES;
				GCC_PREFIX_HEADER = "testLaxgithub1/testLaxgithub1-Prefix.pch";
				GCC_PREPROCESSOR_DEFINITIONS = (
					"DEBUG=1",
					"$(inherited)",
				);
				INFOPLIST_FILE = "testLaxgithub1Tests/testLaxgithub1Tests-Info.plist";
				PRODUCT_NAME = "$(TARGET_NAME)";
				TEST_HOST = "$(BUNDLE_LOADER)";
				WRAPPER_EXTENSION = xctest;
			};
			name = Debug;
		};
		804E11F2182BEDA700CB3284 /* Release */ = {
			isa = XCBuildConfiguration;
			buildSettings = {
				ARCHS = "$(ARCHS_STANDARD_INCLUDING_64_BIT)";
				BUNDLE_LOADER = "$(BUILT_PRODUCTS_DIR)/testLaxgithub1.app/testLaxgithub1";
				FRAMEWORK_SEARCH_PATHS = (
					"$(SDKROOT)/Developer/Library/Frameworks",
					"$(inherited)",
					"$(DEVELOPER_FRAMEWORKS_DIR)",
				);
				GCC_PRECOMPILE_PREFIX_HEADER = YES;
				GCC_PREFIX_HEADER = "testLaxgithub1/testLaxgithub1-Prefix.pch";
				INFOPLIST_FILE = "testLaxgithub1Tests/testLaxgithub1Tests-Info.plist";
				PRODUCT_NAME = "$(TARGET_NAME)";
				TEST_HOST = "$(BUNDLE_LOADER)";
				WRAPPER_EXTENSION = xctest;
			};
			name = Release;
		};
/* End XCBuildConfiguration section */

/* Begin XCConfigurationList section */
		804E11B6182BEDA700CB3284 /* Build configuration list for PBXProject "testLaxgithub1" */ = {
			isa = XCConfigurationList;
			buildConfigurations = (
				804E11EB182BEDA700CB3284 /* Debug */,
				804E11EC182BEDA700CB3284 /* Release */,
			);
			defaultConfigurationIsVisible = 0;
			defaultConfigurationName = Release;
		};
		804E11ED182BEDA700CB3284 /* Build configuration list for PBXNativeTarget "testLaxgithub1" */ = {
			isa = XCConfigurationList;
			buildConfigurations = (
				804E11EE182BEDA700CB3284 /* Debug */,
				804E11EF182BEDA700CB3284 /* Release */,
			);
			defaultConfigurationIsVisible = 0;
		};
		804E11F0182BEDA700CB3284 /* Build configuration list for PBXNativeTarget "testLaxgithub1Tests" */ = {
			isa = XCConfigurationList;
			buildConfigurations = (
				804E11F1182BEDA700CB3284 /* Debug */,
				804E11F2182BEDA700CB3284 /* Release */,
			);
			defaultConfigurationIsVisible = 0;
		};
/* End XCConfigurationList section */
	};
	rootObject = 804E11B3182BEDA700CB3284 /* Project object */;
}
